
Microsoft Visual Studio Solution File, Format Version 12.00
# Visual Studio 15
VisualStudioVersion = 15.0.27703.2000
MinimumVisualStudioVersion = 10.0.40219.1
Project("{888888A0-9F3D-457C-B088-3A5042F75D52}") = "MNIST_trial", "MNIST_trial\MNIST_trial.pyproj", "{EBC31569-82B5-448B-8BED-69A2DEAE009F}"
EndProject
Global
	GlobalSection(SolutionConfigurationPlatforms) = preSolution
		Debug|Any CPU = Debug|Any CPU
		Release|Any CPU = Release|Any CPU
	EndGlobalSection
	GlobalSection(ProjectConfigurationPlatforms) = postSolution
		{EBC31569-82B5-448B-8BED-69A2DEAE009F}.Debug|Any CPU.ActiveCfg = Debug|Any CPU
		{EBC31569-82B5-448B-8BED-69A2DEAE009F}.Release|Any CPU.ActiveCfg = Release|Any CPU
	EndGlobalSection
	GlobalSection(SolutionProperties) = preSolution
		HideSolutionNode = FALSE
	EndGlobalSection
	GlobalSection(ExtensibilityGlobals) = postSolution
		SolutionGuid = {666F09D8-C6F9-4C64-BBFB-2FD6A5B2128F}
	EndGlobalSection
EndGlobal
